// !$*UTF8*$!
{
	archiveVersion = 1;
	classes = {
	};
	objectVersion = 46;
	objects = {

/* Begin PBXBuildFile section */
		07C947D81741742D00636B29 /* UIKit.framework in Frameworks */ = {isa = PBXBuildFile; fileRef = 07C947D71741742D00636B29 /* UIKit.framework */; };
		07C947DA1741742D00636B29 /* Foundation.framework in Frameworks */ = {isa = PBXBuildFile; fileRef = 07C947D91741742D00636B29 /* Foundation.framework */; };
		07C947DC1741742D00636B29 /* CoreGraphics.framework in Frameworks */ = {isa = PBXBuildFile; fileRef = 07C947DB1741742D00636B29 /* CoreGraphics.framework */; };
		07C947E21741742E00636B29 /* InfoPlist.strings in Resources */ = {isa = PBXBuildFile; fileRef = 07C947E01741742D00636B29 /* InfoPlist.strings */; };
		07C947E41741742E00636B29 /* main.m in Sources */ = {isa = PBXBuildFile; fileRef = 07C947E31741742E00636B29 /* main.m */; };
		07C947E81741742E00636B29 /* AppDelegate.m in Sources */ = {isa = PBXBuildFile; fileRef = 07C947E71741742E00636B29 /* AppDelegate.m */; };
		07C947EB1741742E00636B29 /* ViewController.m in Sources */ = {isa = PBXBuildFile; fileRef = 07C947EA1741742E00636B29 /* ViewController.m */; };
		07C947EE1741742E00636B29 /* ViewController.xib in Resources */ = {isa = PBXBuildFile; fileRef = 07C947EC1741742E00636B29 /* ViewController.xib */; };
		07C947F61741743000636B29 /* SenTestingKit.framework in Frameworks */ = {isa = PBXBuildFile; fileRef = 07C947F51741743000636B29 /* SenTestingKit.framework */; };
		07C947F71741743000636B29 /* UIKit.framework in Frameworks */ = {isa = PBXBuildFile; fileRef = 07C947D71741742D00636B29 /* UIKit.framework */; };
		07C947F81741743000636B29 /* Foundation.framework in Frameworks */ = {isa = PBXBuildFile; fileRef = 07C947D91741742D00636B29 /* Foundation.framework */; };
		07C948001741743000636B29 /* InfoPlist.strings in Resources */ = {isa = PBXBuildFile; fileRef = 07C947FE1741743000636B29 /* InfoPlist.strings */; };
		07C948031741743000636B29 /* TestTwoTests.m in Sources */ = {isa = PBXBuildFile; fileRef = 07C948021741743000636B29 /* TestTwoTests.m */; };
/* End PBXBuildFile section */

/* Begin PBXContainerItemProxy section */
		07C947F91741743000636B29 /* PBXContainerItemProxy */ = {
			isa = PBXContainerItemProxy;
			containerPortal = 07C947CA1741742D00636B29 /* Project object */;
			proxyType = 1;
			remoteGlobalIDString = 07C947D21741742D00636B29;
			remoteInfo = TestTwo;
		};
/* End PBXContainerItemProxy section */

/* Begin PBXFileReference section */
		07C947D31741742D00636B29 /* TestTwo.app */ = {isa = PBXFileReference; explicitFileType = wrapper.application; includeInIndex = 0; path = TestTwo.app; sourceTree = BUILT_PRODUCTS_DIR; };
		07C947D71741742D00636B29 /* UIKit.framework */ = {isa = PBXFileReference; lastKnownFileType = wrapper.framework; name = UIKit.framework; path = System/Library/Frameworks/UIKit.framework; sourceTree = SDKROOT; };
		07C947D91741742D00636B29 /* Foundation.framework */ = {isa = PBXFileReference; lastKnownFileType = wrapper.framework; name = Foundation.framework; path = System/Library/Frameworks/Foundation.framework; sourceTree = SDKROOT; };
		07C947DB1741742D00636B29 /* CoreGraphics.framework */ = {isa = PBXFileReference; lastKnownFileType = wrapper.framework; name = CoreGraphics.framework; path = System/Library/Frameworks/CoreGraphics.framework; sourceTree = SDKROOT; };
		07C947DF1741742D00636B29 /* TestTwo-Info.plist */ = {isa = PBXFileReference; lastKnownFileType = text.plist.xml; path = "TestTwo-Info.plist"; sourceTree = "<group>"; };
		07C947E11741742D00636B29 /* en */ = {isa = PBXFileReference; lastKnownFileType = text.plist.strings; name = en; path = en.lproj/InfoPlist.strings; sourceTree = "<group>"; };
		07C947E31741742E00636B29 /* main.m */ = {isa = PBXFileReference; lastKnownFileType = sourcecode.c.objc; path = main.m; sourceTree = "<group>"; };
		07C947E51741742E00636B29 /* TestTwo-Prefix.pch */ = {isa = PBXFileReference; lastKnownFileType = sourcecode.c.h; path = "TestTwo-Prefix.pch"; sourceTree = "<group>"; };
		07C947E61741742E00636B29 /* AppDelegate.h */ = {isa = PBXFileReference; lastKnownFileType = sourcecode.c.h; path = AppDelegate.h; sourceTree = "<group>"; };
		07C947E71741742E00636B29 /* AppDelegate.m */ = {isa = PBXFileReference; lastKnownFileType = sourcecode.c.objc; path = AppDelegate.m; sourceTree = "<group>"; };
		07C947E91741742E00636B29 /* ViewController.h */ = {isa = PBXFileReference; lastKnownFileType = sourcecode.c.h; path = ViewController.h; sourceTree = "<group>"; };
		07C947EA1741742E00636B29 /* ViewController.m */ = {isa = PBXFileReference; lastKnownFileType = sourcecode.c.objc; path = ViewController.m; sourceTree = "<group>"; };
		07C947ED1741742E00636B29 /* en */ = {isa = PBXFileReference; lastKnownFileType = file.xib; name = en; path = en.lproj/ViewController.xib; sourceTree = "<group>"; };
		07C947F41741743000636B29 /* TestTwoTests.octest */ = {isa = PBXFileReference; explicitFileType = wrapper.cfbundle; includeInIndex = 0; path = TestTwoTests.octest; sourceTree = BUILT_PRODUCTS_DIR; };
		07C947F51741743000636B29 /* SenTestingKit.framework */ = {isa = PBXFileReference; lastKnownFileType = wrapper.framework; name = SenTestingKit.framework; path = Library/Frameworks/SenTestingKit.framework; sourceTree = DEVELOPER_DIR; };
		07C947FD1741743000636B29 /* TestTwoTests-Info.plist */ = {isa = PBXFileReference; lastKnownFileType = text.plist.xml; path = "TestTwoTests-Info.plist"; sourceTree = "<group>"; };
		07C947FF1741743000636B29 /* en */ = {isa = PBXFileReference; lastKnownFileType = text.plist.strings; name = en; path = en.lproj/InfoPlist.strings; sourceTree = "<group>"; };
		07C948011741743000636B29 /* TestTwoTests.h */ = {isa = PBXFileReference; lastKnownFileType = sourcecode.c.h; path = TestTwoTests.h; sourceTree = "<group>"; };
		07C948021741743000636B29 /* TestTwoTests.m */ = {isa = PBXFileReference; lastKnownFileType = sourcecode.c.objc; path = TestTwoTests.m; sourceTree = "<group>"; };
/* End PBXFileReference section */

/* Begin PBXFrameworksBuildPhase section */
		07C947D01741742D00636B29 /* Frameworks */ = {
			isa = PBXFrameworksBuildPhase;
			buildActionMask = 2147483647;
			files = (
				07C947D81741742D00636B29 /* UIKit.framework in Frameworks */,
				07C947DA1741742D00636B29 /* Foundation.framework in Frameworks */,
				07C947DC1741742D00636B29 /* CoreGraphics.framework in Frameworks */,
			);
			runOnlyForDeploymentPostprocessing = 0;
		};
		07C947F01741743000636B29 /* Frameworks */ = {
			isa = PBXFrameworksBuildPhase;
			buildActionMask = 2147483647;
			files = (
				07C947F61741743000636B29 /* SenTestingKit.framework in Frameworks */,
				07C947F71741743000636B29 /* UIKit.framework in Frameworks */,
				07C947F81741743000636B29 /* Foundation.framework in Frameworks */,
			);
			runOnlyForDeploymentPostprocessing = 0;
		};
/* End PBXFrameworksBuildPhase section */

/* Begin PBXGroup section */
		07C947C81741742D00636B29 = {
			isa = PBXGroup;
			children = (
				07C947DD1741742D00636B29 /* TestTwo */,
				07C947FB1741743000636B29 /* TestTwoTests */,
				07C947D61741742D00636B29 /* Frameworks */,
				07C947D41741742D00636B29 /* Products */,
			);
			sourceTree = "<group>";
		};
		07C947D41741742D00636B29 /* Products */ = {
			isa = PBXGroup;
			children = (
				07C947D31741742D00636B29 /* TestTwo.app */,
				07C947F41741743000636B29 /* TestTwoTests.octest */,
			);
			name = Products;
			sourceTree = "<group>";
		};
		07C947D61741742D00636B29 /* Frameworks */ = {
			isa = PBXGroup;
			children = (
				07C947D71741742D00636B29 /* UIKit.framework */,
				07C947D91741742D00636B29 /* Foundation.framework */,
				07C947DB1741742D00636B29 /* CoreGraphics.framework */,
				07C947F51741743000636B29 /* SenTestingKit.framework */,
			);
			name = Frameworks;
			sourceTree = "<group>";
		};
		07C947DD1741742D00636B29 /* TestTwo */ = {
			isa = PBXGroup;
			children = (
				07C947E61741742E00636B29 /* AppDelegate.h */,
				07C947E71741742E00636B29 /* AppDelegate.m */,
				07C947E91741742E00636B29 /* ViewController.h */,
				07C947EA1741742E00636B29 /* ViewController.m */,
				07C947EC1741742E00636B29 /* ViewController.xib */,
				07C947DE1741742D00636B29 /* Supporting Files */,
			);
			path = TestTwo;
			sourceTree = "<group>";
		};
		07C947DE1741742D00636B29 /* Supporting Files */ = {
			isa = PBXGroup;
			children = (
				07C947DF1741742D00636B29 /* TestTwo-Info.plist */,
				07C947E01741742D00636B29 /* InfoPlist.strings */,
				07C947E31741742E00636B29 /* main.m */,
				07C947E51741742E00636B29 /* TestTwo-Prefix.pch */,
			);
			name = "Supporting Files";
			sourceTree = "<group>";
		};
		07C947FB1741743000636B29 /* TestTwoTests */ = {
			isa = PBXGroup;
			children = (
				07C948011741743000636B29 /* TestTwoTests.h */,
				07C948021741743000636B29 /* TestTwoTests.m */,
				07C947FC1741743000636B29 /* Supporting Files */,
			);
			path = TestTwoTests;
			sourceTree = "<group>";
		};
		07C947FC1741743000636B29 /* Supporting Files */ = {
			isa = PBXGroup;
			children = (
				07C947FD1741743000636B29 /* TestTwoTests-Info.plist */,
				07C947FE1741743000636B29 /* InfoPlist.strings */,
			);
			name = "Supporting Files";
			sourceTree = "<group>";
		};
/* End PBXGroup section */

/* Begin PBXNativeTarget section */
		07C947D21741742D00636B29 /* TestTwo */ = {
			isa = PBXNativeTarget;
			buildConfigurationList = 07C948061741743000636B29 /* Build configuration list for PBXNativeTarget "TestTwo" */;
			buildPhases = (
				07C947CF1741742D00636B29 /* Sources */,
				07C947D01741742D00636B29 /* Frameworks */,
				07C947D11741742D00636B29 /* Resources */,
			);
			buildRules = (
			);
			dependencies = (
			);
			name = TestTwo;
			productName = TestTwo;
			productReference = 07C947D31741742D00636B29 /* TestTwo.app */;
			productType = "com.apple.product-type.application";
		};
		07C947F31741743000636B29 /* TestTwoTests */ = {
			isa = PBXNativeTarget;
			buildConfigurationList = 07C948091741743000636B29 /* Build configuration list for PBXNativeTarget "TestTwoTests" */;
			buildPhases = (
				07C947EF1741743000636B29 /* Sources */,
				07C947F01741743000636B29 /* Frameworks */,
				07C947F11741743000636B29 /* Resources */,
				07C947F21741743000636B29 /* ShellScript */,
			);
			buildRules = (
			);
			dependencies = (
				07C947FA1741743000636B29 /* PBXTargetDependency */,
			);
			name = TestTwoTests;
			productName = TestTwoTests;
			productReference = 07C947F41741743000636B29 /* TestTwoTests.octest */;
			productType = "com.apple.product-type.bundle";
		};
/* End PBXNativeTarget section */

/* Begin PBXProject section */
		07C947CA1741742D00636B29 /* Project object */ = {
			isa = PBXProject;
			attributes = {
				LastUpgradeCheck = 0440;
				ORGANIZATIONNAME = appdev;
			};
			buildConfigurationList = 07C947CD1741742D00636B29 /* Build configuration list for PBXProject "TestTwo" */;
			compatibilityVersion = "Xcode 3.2";
			developmentRegion = English;
			hasScannedForEncodings = 0;
			knownRegions = (
				en,
			);
			mainGroup = 07C947C81741742D00636B29;
			productRefGroup = 07C947D41741742D00636B29 /* Products */;
			projectDirPath = "";
			projectRoot = "";
			targets = (
				07C947D21741742D00636B29 /* TestTwo */,
				07C947F31741743000636B29 /* TestTwoTests */,
			);
		};
/* End PBXProject section */

/* Begin PBXResourcesBuildPhase section */
		07C947D11741742D00636B29 /* Resources */ = {
			isa = PBXResourcesBuildPhase;
			buildActionMask = 2147483647;
			files = (
				07C947E21741742E00636B29 /* InfoPlist.strings in Resources */,
				07C947EE1741742E00636B29 /* ViewController.xib in Resources */,
			);
			runOnlyForDeploymentPostprocessing = 0;
		};
		07C947F11741743000636B29 /* Resources */ = {
			isa = PBXResourcesBuildPhase;
			buildActionMask = 2147483647;
			files = (
				07C948001741743000636B29 /* InfoPlist.strings in Resources */,
			);
			runOnlyForDeploymentPostprocessing = 0;
		};
/* End PBXResourcesBuildPhase section */

/* Begin PBXShellScriptBuildPhase section */
		07C947F21741743000636B29 /* ShellScript */ = {
			isa = PBXShellScriptBuildPhase;
			buildActionMask = 2147483647;
			files = (
			);
			inputPaths = (
			);
			outputPaths = (
			);
			runOnlyForDeploymentPostprocessing = 0;
			shellPath = /bin/sh;
			shellScript = "# Run the unit tests in this test bundle.\n\"${SYSTEM_DEVELOPER_DIR}/Tools/RunUnitTests\"\n";
		};
/* End PBXShellScriptBuildPhase section */

/* Begin PBXSourcesBuildPhase section */
		07C947CF1741742D00636B29 /* Sources */ = {
			isa = PBXSourcesBuildPhase;
			buildActionMask = 2147483647;
			files = (
				07C947E41741742E00636B29 /* main.m in Sources */,
				07C947E81741742E00636B29 /* AppDelegate.m in Sources */,
				07C947EB1741742E00636B29 /* ViewController.m in Sources */,
			);
			runOnlyForDeploymentPostprocessing = 0;
		};
		07C947EF1741743000636B29 /* Sources */ = {
			isa = PBXSourcesBuildPhase;
			buildActionMask = 2147483647;
			files = (
				07C948031741743000636B29 /* TestTwoTests.m in Sources */,
			);
			runOnlyForDeploymentPostprocessing = 0;
		};
/* End PBXSourcesBuildPhase section */

/* Begin PBXTargetDependency section */
		07C947FA1741743000636B29 /* PBXTargetDependency */ = {
			isa = PBXTargetDependency;
			target = 07C947D21741742D00636B29 /* TestTwo */;
			targetProxy = 07C947F91741743000636B29 /* PBXContainerItemProxy */;
		};
/* End PBXTargetDependency section */

/* Begin PBXVariantGroup section */
		07C947E01741742D00636B29 /* InfoPlist.strings */ = {
			isa = PBXVariantGroup;
			children = (
				07C947E11741742D00636B29 /* en */,
			);
			name = InfoPlist.strings;
			sourceTree = "<group>";
		};
		07C947EC1741742E00636B29 /* ViewController.xib */ = {
			isa = PBXVariantGroup;
			children = (
				07C947ED1741742E00636B29 /* en */,
			);
			name = ViewController.xib;
			sourceTree = "<group>";
		};
		07C947FE1741743000636B29 /* InfoPlist.strings */ = {
			isa = PBXVariantGroup;
			children = (
				07C947FF1741743000636B29 /* en */,
			);
			name = InfoPlist.strings;
			sourceTree = "<group>";
		};
/* End PBXVariantGroup section */

/* Begin XCBuildConfiguration section */
		07C948041741743000636B29 /* Debug */ = {
			isa = XCBuildConfiguration;
			buildSettings = {
				ALWAYS_SEARCH_USER_PATHS = NO;
				ARCHS = "$(ARCHS_STANDARD_32_BIT)";
				CLANG_CXX_LANGUAGE_STANDARD = "gnu++0x";
				CLANG_ENABLE_OBJC_ARC = YES;
				CLANG_WARN__DUPLICATE_METHOD_MATCH = YES;
				"CODE_SIGN_IDENTITY[sdk=iphoneos*]" = "iPhone Developer";
				COPY_PHASE_STRIP = NO;
				GCC_C_LANGUAGE_STANDARD = gnu99;
				GCC_DYNAMIC_NO_PIC = NO;
				GCC_OPTIMIZATION_LEVEL = 0;
				GCC_PREPROCESSOR_DEFINITIONS = (
					"DEBUG=1",
					"$(inherited)",
				);
				GCC_SYMBOLS_PRIVATE_EXTERN = NO;
				GCC_VERSION = com.apple.compilers.llvm.clang.1_0;
				GCC_WARN_ABOUT_RETURN_TYPE = YES;
				GCC_WARN_UNINITIALIZED_AUTOS = YES;
				GCC_WARN_UNUSED_VARIABLE = YES;
				IPHONEOS_DEPLOYMENT_TARGET = 5.1;
				SDKROOT = iphoneos;
			};
			name = Debug;
		};
		07C948051741743000636B29 /* Release */ = {
			isa = XCBuildConfiguration;
			buildSettings = {
				ALWAYS_SEARCH_USER_PATHS = NO;
				ARCHS = "$(ARCHS_STANDARD_32_BIT)";
				CLANG_CXX_LANGUAGE_STANDARD = "gnu++0x";
				CLANG_ENABLE_OBJC_ARC = YES;
				CLANG_WARN__DUPLICATE_METHOD_MATCH = YES;
				"CODE_SIGN_IDENTITY[sdk=iphoneos*]" = "iPhone Developer";
				COPY_PHASE_STRIP = YES;
				GCC_C_LANGUAGE_STANDARD = gnu99;
				GCC_VERSION = com.apple.compilers.llvm.clang.1_0;
				GCC_WARN_ABOUT_RETURN_TYPE = YES;
				GCC_WARN_UNINITIALIZED_AUTOS = YES;
				GCC_WARN_UNUSED_VARIABLE = YES;
				IPHONEOS_DEPLOYMENT_TARGET = 5.1;
				OTHER_CFLAGS = "-DNS_BLOCK_ASSERTIONS=1";
				SDKROOT = iphoneos;
				VALIDATE_PRODUCT = YES;
			};
			name = Release;
		};
		07C948071741743000636B29 /* Debug */ = {
			isa = XCBuildConfiguration;
			buildSettings = {
				GCC_PRECOMPILE_PREFIX_HEADER = YES;
				GCC_PREFIX_HEADER = "TestTwo/TestTwo-Prefix.pch";
				INFOPLIST_FILE = "TestTwo/TestTwo-Info.plist";
				PRODUCT_NAME = "$(TARGET_NAME)";
				WRAPPER_EXTENSION = app;
			};
			name = Debug;
		};
		07C948081741743000636B29 /* Release */ = {
			isa = XCBuildConfiguration;
			buildSettings = {
				GCC_PRECOMPILE_PREFIX_HEADER = YES;
				GCC_PREFIX_HEADER = "TestTwo/TestTwo-Prefix.pch";
				INFOPLIST_FILE = "TestTwo/TestTwo-Info.plist";
				PRODUCT_NAME = "$(TARGET_NAME)";
				WRAPPER_EXTENSION = app;
			};
			name = Release;
		};
		07C9480A1741743000636B29 /* Debug */ = {
			isa = XCBuildConfiguration;
			buildSettings = {
				BUNDLE_LOADER = "$(BUILT_PRODUCTS_DIR)/TestTwo.app/TestTwo";
				FRAMEWORK_SEARCH_PATHS = (
					"\"$(SDKROOT)/Developer/Library/Frameworks\"",
					"\"$(DEVELOPER_LIBRARY_DIR)/Frameworks\"",
				);
				GCC_PRECOMPILE_PREFIX_HEADER = YES;
				GCC_PREFIX_HEADER = "TestTwo/TestTwo-Prefix.pch";
				INFOPLIST_FILE = "TestTwoTests/TestTwoTests-Info.plist";
				PRODUCT_NAME = "$(TARGET_NAME)";
				TEST_HOST = "$(BUNDLE_LOADER)";
				WRAPPER_EXTENSION = octest;
			};
			name = Debug;
		};
		07C9480B1741743000636B29 /* Release */ = {
			isa = XCBuildConfiguration;
			buildSettings = {
				BUNDLE_LOADER = "$(BUILT_PRODUCTS_DIR)/TestTwo.app/TestTwo";
				FRAMEWORK_SEARCH_PATHS = (
					"\"$(SDKROOT)/Developer/Library/Frameworks\"",
					"\"$(DEVELOPER_LIBRARY_DIR)/Frameworks\"",
				);
				GCC_PRECOMPILE_PREFIX_HEADER = YES;
				GCC_PREFIX_HEADER = "TestTwo/TestTwo-Prefix.pch";
				INFOPLIST_FILE = "TestTwoTests/TestTwoTests-Info.plist";
				PRODUCT_NAME = "$(TARGET_NAME)";
				TEST_HOST = "$(BUNDLE_LOADER)";
				WRAPPER_EXTENSION = octest;
			};
			name = Release;
		};
/* End XCBuildConfiguration section */

/* Begin XCConfigurationList section */
		07C947CD1741742D00636B29 /* Build configuration list for PBXProject "TestTwo" */ = {
			isa = XCConfigurationList;
			buildConfigurations = (
				07C948041741743000636B29 /* Debug */,
				07C948051741743000636B29 /* Release */,
			);
			defaultConfigurationIsVisible = 0;
			defaultConfigurationName = Release;
		};
		07C948061741743000636B29 /* Build configuration list for PBXNativeTarget "TestTwo" */ = {
			isa = XCConfigurationList;
			buildConfigurations = (
				07C948071741743000636B29 /* Debug */,
				07C948081741743000636B29 /* Release */,
			);
			defaultConfigurationIsVisible = 0;
		};
		07C948091741743000636B29 /* Build configuration list for PBXNativeTarget "TestTwoTests" */ = {
			isa = XCConfigurationList;
			buildConfigurations = (
				07C9480A1741743000636B29 /* Debug */,
				07C9480B1741743000636B29 /* Release */,
			);
			defaultConfigurationIsVisible = 0;
		};
/* End XCConfigurationList section */
	};
	rootObject = 07C947CA1741742D00636B29 /* Project object */;
}
